
Microsoft Visual Studio Solution File, Format Version 12.00
# Visual Studio Version 17
VisualStudioVersion = 17.1.32228.430
MinimumVisualStudioVersion = 10.0.40219.1
Project("{FAE04EC0-301F-11D3-BF4B-00C04F79EFBC}") = "AppListaCompras.Android", "AppListaCompras\AppListaCompras.Android\AppListaCompras.Android.csproj", "{BFCBFF41-C476-4E45-9576-0D1A0104E24F}"
EndProject
Project("{FAE04EC0-301F-11D3-BF4B-00C04F79EFBC}") = "AppListaCompras", "AppListaCompras\AppListaCompras\AppListaCompras.csproj", "{D6EB9527-5CCD-4842-96E3-3367255AF720}"
EndProject
Global
	GlobalSection(SolutionConfigurationPlatforms) = preSolution
		Debug|Any CPU = Debug|Any CPU
		Release|Any CPU = Release|Any CPU
	EndGlobalSection
	GlobalSection(ProjectConfigurationPlatforms) = postSolution
		{BFCBFF41-C476-4E45-9576-0D1A0104E24F}.Debug|Any CPU.ActiveCfg = Debug|Any CPU
		{BFCBFF41-C476-4E45-9576-0D1A0104E24F}.Debug|Any CPU.Build.0 = Debug|Any CPU
		{BFCBFF41-C476-4E45-9576-0D1A0104E24F}.Debug|Any CPU.Deploy.0 = Debug|Any CPU
		{BFCBFF41-C476-4E45-9576-0D1A0104E24F}.Release|Any CPU.ActiveCfg = Release|Any CPU
		{BFCBFF41-C476-4E45-9576-0D1A0104E24F}.Release|Any CPU.Build.0 = Release|Any CPU
		{BFCBFF41-C476-4E45-9576-0D1A0104E24F}.Release|Any CPU.Deploy.0 = Release|Any CPU
		{D6EB9527-5CCD-4842-96E3-3367255AF720}.Debug|Any CPU.ActiveCfg = Debug|Any CPU
		{D6EB9527-5CCD-4842-96E3-3367255AF720}.Debug|Any CPU.Build.0 = Debug|Any CPU
		{D6EB9527-5CCD-4842-96E3-3367255AF720}.Debug|Any CPU.Deploy.0 = Debug|Any CPU
		{D6EB9527-5CCD-4842-96E3-3367255AF720}.Release|Any CPU.ActiveCfg = Release|Any CPU
		{D6EB9527-5CCD-4842-96E3-3367255AF720}.Release|Any CPU.Build.0 = Release|Any CPU
		{D6EB9527-5CCD-4842-96E3-3367255AF720}.Release|Any CPU.Deploy.0 = Release|Any CPU
	EndGlobalSection
	GlobalSection(SolutionProperties) = preSolution
		HideSolutionNode = FALSE
	EndGlobalSection
	GlobalSection(ExtensibilityGlobals) = postSolution
		SolutionGuid = {5E6A770B-62AF-4123-A71E-F6098E84D2BD}
	EndGlobalSection
EndGlobal
